
Microsoft Visual Studio Solution File, Format Version 12.00
# Visual Studio 15
VisualStudioVersion = 15.0.27428.2027
MinimumVisualStudioVersion = 10.0.40219.1
Project("{9A19103F-16F7-4668-BE54-9A1E7A4F7556}") = "backend", "backend.csproj", "{FC4CF2A8-4221-47AA-A848-5E2824D54136}"
EndProject
Project("{9A19103F-16F7-4668-BE54-9A1E7A4F7556}") = "backendtests", "..\backendtests\backendtests.csproj", "{454473D3-0E79-4C3C-AC7D-9135A2A2DAF7}"
EndProject
Global
	GlobalSection(SolutionConfigurationPlatforms) = preSolution
		Debug|Any CPU = Debug|Any CPU
		Release|Any CPU = Release|Any CPU
	EndGlobalSection
	GlobalSection(ProjectConfigurationPlatforms) = postSolution
		{FC4CF2A8-4221-47AA-A848-5E2824D54136}.Debug|Any CPU.ActiveCfg = Debug|Any CPU
		{FC4CF2A8-4221-47AA-A848-5E2824D54136}.Debug|Any CPU.Build.0 = Debug|Any CPU
		{FC4CF2A8-4221-47AA-A848-5E2824D54136}.Release|Any CPU.ActiveCfg = Release|Any CPU
		{FC4CF2A8-4221-47AA-A848-5E2824D54136}.Release|Any CPU.Build.0 = Release|Any CPU
		{454473D3-0E79-4C3C-AC7D-9135A2A2DAF7}.Debug|Any CPU.ActiveCfg = Debug|Any CPU
		{454473D3-0E79-4C3C-AC7D-9135A2A2DAF7}.Debug|Any CPU.Build.0 = Debug|Any CPU
		{454473D3-0E79-4C3C-AC7D-9135A2A2DAF7}.Release|Any CPU.ActiveCfg = Release|Any CPU
		{454473D3-0E79-4C3C-AC7D-9135A2A2DAF7}.Release|Any CPU.Build.0 = Release|Any CPU
	EndGlobalSection
	GlobalSection(SolutionProperties) = preSolution
		HideSolutionNode = FALSE
	EndGlobalSection
	GlobalSection(ExtensibilityGlobals) = postSolution
		SolutionGuid = {888CCD03-D88C-4CFF-A0B1-F4721441D8AC}
	EndGlobalSection
EndGlobal
